// !$*UTF8*$!
{
	archiveVersion = 1;
	classes = {
	};
	objectVersion = 56;
	objects = {

/* Begin PBXBuildFile section */
		82997B712A051A3300DAE9F5 /* SignupWebServiceTests.swift in Sources */ = {isa = PBXBuildFile; fileRef = 82997B702A051A3300DAE9F5 /* SignupWebServiceTests.swift */; };
		82997B732A051AB800DAE9F5 /* SignupWebService.swift in Sources */ = {isa = PBXBuildFile; fileRef = 82997B722A051AB800DAE9F5 /* SignupWebService.swift */; };
		82997B752A051B8400DAE9F5 /* SignupFormRequestModel.swift in Sources */ = {isa = PBXBuildFile; fileRef = 82997B742A051B8400DAE9F5 /* SignupFormRequestModel.swift */; };
		82997B772A051D7D00DAE9F5 /* SignupResponseModel.swift in Sources */ = {isa = PBXBuildFile; fileRef = 82997B762A051D7D00DAE9F5 /* SignupResponseModel.swift */; };
		82997B792A051DA000DAE9F5 /* SignupError.swift in Sources */ = {isa = PBXBuildFile; fileRef = 82997B782A051DA000DAE9F5 /* SignupError.swift */; };
		82997B812A05306C00DAE9F5 /* MockURLProtocol.swift in Sources */ = {isa = PBXBuildFile; fileRef = 82997B802A05306C00DAE9F5 /* MockURLProtocol.swift */; };
		82997B832A07799F00DAE9F5 /* SignupPresenterTests.swift in Sources */ = {isa = PBXBuildFile; fileRef = 82997B822A07799E00DAE9F5 /* SignupPresenterTests.swift */; };
		82997B852A077C2D00DAE9F5 /* SignupFormModel.swift in Sources */ = {isa = PBXBuildFile; fileRef = 82997B842A077C2D00DAE9F5 /* SignupFormModel.swift */; };
		829C5BAC29FC4A9100915A16 /* PhotoAppApp.swift in Sources */ = {isa = PBXBuildFile; fileRef = 829C5BAB29FC4A9100915A16 /* PhotoAppApp.swift */; };
		829C5BAE29FC4A9100915A16 /* ContentView.swift in Sources */ = {isa = PBXBuildFile; fileRef = 829C5BAD29FC4A9100915A16 /* ContentView.swift */; };
		829C5BB029FC4A9700915A16 /* Assets.xcassets in Resources */ = {isa = PBXBuildFile; fileRef = 829C5BAF29FC4A9700915A16 /* Assets.xcassets */; };
		829C5BB329FC4A9700915A16 /* Preview Assets.xcassets in Resources */ = {isa = PBXBuildFile; fileRef = 829C5BB229FC4A9700915A16 /* Preview Assets.xcassets */; };
		829C5BC829FC4B2500915A16 /* SignupConstants.swift in Sources */ = {isa = PBXBuildFile; fileRef = 829C5BC729FC4B2500915A16 /* SignupConstants.swift */; };
		829C5BCA29FC4B7500915A16 /* SignupFormModelValidator.swift in Sources */ = {isa = PBXBuildFile; fileRef = 829C5BC929FC4B7500915A16 /* SignupFormModelValidator.swift */; };
		829C5BCD29FC4BFB00915A16 /* SignupFormModelValidatorTests.swift in Sources */ = {isa = PBXBuildFile; fileRef = 829C5BCC29FC4BFB00915A16 /* SignupFormModelValidatorTests.swift */; };
		829C5BD029FC524E00915A16 /* SignupModelValidatorProtocol.swift in Sources */ = {isa = PBXBuildFile; fileRef = 829C5BCF29FC524E00915A16 /* SignupModelValidatorProtocol.swift */; };
		829D10612A0788F3001D1CBF /* SignupPresenter.swift in Sources */ = {isa = PBXBuildFile; fileRef = 829D10602A0788F3001D1CBF /* SignupPresenter.swift */; };
		829D10632A0AC235001D1CBF /* MockSignupModelValidator.swift in Sources */ = {isa = PBXBuildFile; fileRef = 829D10622A0AC235001D1CBF /* MockSignupModelValidator.swift */; };
/* End PBXBuildFile section */

/* Begin PBXContainerItemProxy section */
		829C5BC129FC4AD200915A16 /* PBXContainerItemProxy */ = {
			isa = PBXContainerItemProxy;
			containerPortal = 829C5BA029FC4A9100915A16 /* Project object */;
			proxyType = 1;
			remoteGlobalIDString = 829C5BA729FC4A9100915A16;
			remoteInfo = PhotoApp;
		};
/* End PBXContainerItemProxy section */

/* Begin PBXFileReference section */
		82997B702A051A3300DAE9F5 /* SignupWebServiceTests.swift */ = {isa = PBXFileReference; lastKnownFileType = sourcecode.swift; path = SignupWebServiceTests.swift; sourceTree = "<group>"; };
		82997B722A051AB800DAE9F5 /* SignupWebService.swift */ = {isa = PBXFileReference; lastKnownFileType = sourcecode.swift; path = SignupWebService.swift; sourceTree = "<group>"; };
		82997B742A051B8400DAE9F5 /* SignupFormRequestModel.swift */ = {isa = PBXFileReference; lastKnownFileType = sourcecode.swift; path = SignupFormRequestModel.swift; sourceTree = "<group>"; };
		82997B762A051D7D00DAE9F5 /* SignupResponseModel.swift */ = {isa = PBXFileReference; lastKnownFileType = sourcecode.swift; path = SignupResponseModel.swift; sourceTree = "<group>"; };
		82997B782A051DA000DAE9F5 /* SignupError.swift */ = {isa = PBXFileReference; lastKnownFileType = sourcecode.swift; path = SignupError.swift; sourceTree = "<group>"; };
		82997B7F2A052F5900DAE9F5 /* Info.plist */ = {isa = PBXFileReference; lastKnownFileType = text.plist; path = Info.plist; sourceTree = "<group>"; };
		82997B802A05306C00DAE9F5 /* MockURLProtocol.swift */ = {isa = PBXFileReference; lastKnownFileType = sourcecode.swift; path = MockURLProtocol.swift; sourceTree = "<group>"; };
		82997B822A07799E00DAE9F5 /* SignupPresenterTests.swift */ = {isa = PBXFileReference; lastKnownFileType = sourcecode.swift; path = SignupPresenterTests.swift; sourceTree = "<group>"; };
		82997B842A077C2D00DAE9F5 /* SignupFormModel.swift */ = {isa = PBXFileReference; lastKnownFileType = sourcecode.swift; path = SignupFormModel.swift; sourceTree = "<group>"; };
		829C5BA829FC4A9100915A16 /* PhotoApp.app */ = {isa = PBXFileReference; explicitFileType = wrapper.application; includeInIndex = 0; path = PhotoApp.app; sourceTree = BUILT_PRODUCTS_DIR; };
		829C5BAB29FC4A9100915A16 /* PhotoAppApp.swift */ = {isa = PBXFileReference; lastKnownFileType = sourcecode.swift; path = PhotoAppApp.swift; sourceTree = "<group>"; };
		829C5BAD29FC4A9100915A16 /* ContentView.swift */ = {isa = PBXFileReference; lastKnownFileType = sourcecode.swift; path = ContentView.swift; sourceTree = "<group>"; };
		829C5BAF29FC4A9700915A16 /* Assets.xcassets */ = {isa = PBXFileReference; lastKnownFileType = folder.assetcatalog; path = Assets.xcassets; sourceTree = "<group>"; };
		829C5BB229FC4A9700915A16 /* Preview Assets.xcassets */ = {isa = PBXFileReference; lastKnownFileType = folder.assetcatalog; path = "Preview Assets.xcassets"; sourceTree = "<group>"; };
		829C5BBD29FC4AD200915A16 /* PhotoAppTests.xctest */ = {isa = PBXFileReference; explicitFileType = wrapper.cfbundle; includeInIndex = 0; path = PhotoAppTests.xctest; sourceTree = BUILT_PRODUCTS_DIR; };
		829C5BC729FC4B2500915A16 /* SignupConstants.swift */ = {isa = PBXFileReference; lastKnownFileType = sourcecode.swift; path = SignupConstants.swift; sourceTree = "<group>"; };
		829C5BC929FC4B7500915A16 /* SignupFormModelValidator.swift */ = {isa = PBXFileReference; lastKnownFileType = sourcecode.swift; path = SignupFormModelValidator.swift; sourceTree = "<group>"; };
		829C5BCC29FC4BFB00915A16 /* SignupFormModelValidatorTests.swift */ = {isa = PBXFileReference; lastKnownFileType = sourcecode.swift; path = SignupFormModelValidatorTests.swift; sourceTree = "<group>"; };
		829C5BCF29FC524E00915A16 /* SignupModelValidatorProtocol.swift */ = {isa = PBXFileReference; lastKnownFileType = sourcecode.swift; path = SignupModelValidatorProtocol.swift; sourceTree = "<group>"; };
		829D10602A0788F3001D1CBF /* SignupPresenter.swift */ = {isa = PBXFileReference; lastKnownFileType = sourcecode.swift; path = SignupPresenter.swift; sourceTree = "<group>"; };
		829D10622A0AC235001D1CBF /* MockSignupModelValidator.swift */ = {isa = PBXFileReference; lastKnownFileType = sourcecode.swift; path = MockSignupModelValidator.swift; sourceTree = "<group>"; };
/* End PBXFileReference section */

/* Begin PBXFrameworksBuildPhase section */
		829C5BA529FC4A9100915A16 /* Frameworks */ = {
			isa = PBXFrameworksBuildPhase;
			buildActionMask = 2147483647;
			files = (
			);
			runOnlyForDeploymentPostprocessing = 0;
		};
		829C5BBA29FC4AD200915A16 /* Frameworks */ = {
			isa = PBXFrameworksBuildPhase;
			buildActionMask = 2147483647;
			files = (
			);
			runOnlyForDeploymentPostprocessing = 0;
		};
/* End PBXFrameworksBuildPhase section */

/* Begin PBXGroup section */
		82997B7A2A051E9900DAE9F5 /* SignUp */ = {
			isa = PBXGroup;
			children = (
				829D10642A0ACD7A001D1CBF /* Presenters */,
				82997B7C2A051F1800DAE9F5 /* Network */,
				82997B7B2A051EE700DAE9F5 /* Views */,
				829C5BCE29FC523E00915A16 /* Protocols */,
				829C5BC629FC4B1600915A16 /* Models */,
			);
			path = SignUp;
			sourceTree = "<group>";
		};
		82997B7B2A051EE700DAE9F5 /* Views */ = {
			isa = PBXGroup;
			children = (
				829C5BAD29FC4A9100915A16 /* ContentView.swift */,
			);
			path = Views;
			sourceTree = "<group>";
		};
		82997B7C2A051F1800DAE9F5 /* Network */ = {
			isa = PBXGroup;
			children = (
				82997B722A051AB800DAE9F5 /* SignupWebService.swift */,
			);
			path = Network;
			sourceTree = "<group>";
		};
		82997B7D2A051F3100DAE9F5 /* SignUp */ = {
			isa = PBXGroup;
			children = (
				829D10662A0ACDC6001D1CBF /* Mocks */,
				829D10652A0ACD9F001D1CBF /* Presenters */,
				82997B7E2A051F3D00DAE9F5 /* Network */,
				829C5BCB29FC4BE000915A16 /* Models */,
			);
			path = SignUp;
			sourceTree = "<group>";
		};
		82997B7E2A051F3D00DAE9F5 /* Network */ = {
			isa = PBXGroup;
			children = (
				82997B702A051A3300DAE9F5 /* SignupWebServiceTests.swift */,
			);
			path = Network;
			sourceTree = "<group>";
		};
		829C5B9F29FC4A9100915A16 = {
			isa = PBXGroup;
			children = (
				829C5BAA29FC4A9100915A16 /* PhotoApp */,
				829C5BBE29FC4AD200915A16 /* PhotoAppTests */,
				829C5BA929FC4A9100915A16 /* Products */,
			);
			sourceTree = "<group>";
		};
		829C5BA929FC4A9100915A16 /* Products */ = {
			isa = PBXGroup;
			children = (
				829C5BA829FC4A9100915A16 /* PhotoApp.app */,
				829C5BBD29FC4AD200915A16 /* PhotoAppTests.xctest */,
			);
			name = Products;
			sourceTree = "<group>";
		};
		829C5BAA29FC4A9100915A16 /* PhotoApp */ = {
			isa = PBXGroup;
			children = (
				82997B7A2A051E9900DAE9F5 /* SignUp */,
				829C5BAB29FC4A9100915A16 /* PhotoAppApp.swift */,
				829C5BAF29FC4A9700915A16 /* Assets.xcassets */,
				829C5BB129FC4A9700915A16 /* Preview Content */,
			);
			path = PhotoApp;
			sourceTree = "<group>";
		};
		829C5BB129FC4A9700915A16 /* Preview Content */ = {
			isa = PBXGroup;
			children = (
				829C5BB229FC4A9700915A16 /* Preview Assets.xcassets */,
			);
			path = "Preview Content";
			sourceTree = "<group>";
		};
		829C5BBE29FC4AD200915A16 /* PhotoAppTests */ = {
			isa = PBXGroup;
			children = (
				82997B7F2A052F5900DAE9F5 /* Info.plist */,
				82997B7D2A051F3100DAE9F5 /* SignUp */,
			);
			path = PhotoAppTests;
			sourceTree = "<group>";
		};
		829C5BC629FC4B1600915A16 /* Models */ = {
			isa = PBXGroup;
			children = (
				829C5BC729FC4B2500915A16 /* SignupConstants.swift */,
				829C5BC929FC4B7500915A16 /* SignupFormModelValidator.swift */,
				82997B742A051B8400DAE9F5 /* SignupFormRequestModel.swift */,
				82997B762A051D7D00DAE9F5 /* SignupResponseModel.swift */,
				82997B782A051DA000DAE9F5 /* SignupError.swift */,
				82997B842A077C2D00DAE9F5 /* SignupFormModel.swift */,
			);
			path = Models;
			sourceTree = "<group>";
		};
		829C5BCB29FC4BE000915A16 /* Models */ = {
			isa = PBXGroup;
			children = (
				829C5BCC29FC4BFB00915A16 /* SignupFormModelValidatorTests.swift */,
			);
			path = Models;
			sourceTree = "<group>";
		};
		829C5BCE29FC523E00915A16 /* Protocols */ = {
			isa = PBXGroup;
			children = (
				829C5BCF29FC524E00915A16 /* SignupModelValidatorProtocol.swift */,
			);
			path = Protocols;
			sourceTree = "<group>";
		};
		829D10642A0ACD7A001D1CBF /* Presenters */ = {
			isa = PBXGroup;
			children = (
				829D10602A0788F3001D1CBF /* SignupPresenter.swift */,
			);
			path = Presenters;
			sourceTree = "<group>";
		};
		829D10652A0ACD9F001D1CBF /* Presenters */ = {
			isa = PBXGroup;
			children = (
				82997B822A07799E00DAE9F5 /* SignupPresenterTests.swift */,
			);
			path = Presenters;
			sourceTree = "<group>";
		};
		829D10662A0ACDC6001D1CBF /* Mocks */ = {
			isa = PBXGroup;
			children = (
				82997B802A05306C00DAE9F5 /* MockURLProtocol.swift */,
				829D10622A0AC235001D1CBF /* MockSignupModelValidator.swift */,
			);
			path = Mocks;
			sourceTree = "<group>";
		};
/* End PBXGroup section */

/* Begin PBXNativeTarget section */
		829C5BA729FC4A9100915A16 /* PhotoApp */ = {
			isa = PBXNativeTarget;
			buildConfigurationList = 829C5BB629FC4A9700915A16 /* Build configuration list for PBXNativeTarget "PhotoApp" */;
			buildPhases = (
				829C5BA429FC4A9100915A16 /* Sources */,
				829C5BA529FC4A9100915A16 /* Frameworks */,
				829C5BA629FC4A9100915A16 /* Resources */,
			);
			buildRules = (
			);
			dependencies = (
			);
			name = PhotoApp;
			productName = PhotoApp;
			productReference = 829C5BA829FC4A9100915A16 /* PhotoApp.app */;
			productType = "com.apple.product-type.application";
		};
		829C5BBC29FC4AD200915A16 /* PhotoAppTests */ = {
			isa = PBXNativeTarget;
			buildConfigurationList = 829C5BC329FC4AD200915A16 /* Build configuration list for PBXNativeTarget "PhotoAppTests" */;
			buildPhases = (
				829C5BB929FC4AD200915A16 /* Sources */,
				829C5BBA29FC4AD200915A16 /* Frameworks */,
				829C5BBB29FC4AD200915A16 /* Resources */,
			);
			buildRules = (
			);
			dependencies = (
				829C5BC229FC4AD200915A16 /* PBXTargetDependency */,
			);
			name = PhotoAppTests;
			productName = PhotoAppTests;
			productReference = 829C5BBD29FC4AD200915A16 /* PhotoAppTests.xctest */;
			productType = "com.apple.product-type.bundle.unit-test";
		};
/* End PBXNativeTarget section */

/* Begin PBXProject section */
		829C5BA029FC4A9100915A16 /* Project object */ = {
			isa = PBXProject;
			attributes = {
				BuildIndependentTargetsInParallel = 1;
				LastSwiftUpdateCheck = 1420;
				LastUpgradeCheck = 1420;
				TargetAttributes = {
					829C5BA729FC4A9100915A16 = {
						CreatedOnToolsVersion = 14.2;
					};
					829C5BBC29FC4AD200915A16 = {
						CreatedOnToolsVersion = 14.2;
						TestTargetID = 829C5BA729FC4A9100915A16;
					};
				};
			};
			buildConfigurationList = 829C5BA329FC4A9100915A16 /* Build configuration list for PBXProject "PhotoApp" */;
			compatibilityVersion = "Xcode 14.0";
			developmentRegion = en;
			hasScannedForEncodings = 0;
			knownRegions = (
				en,
				Base,
			);
			mainGroup = 829C5B9F29FC4A9100915A16;
			productRefGroup = 829C5BA929FC4A9100915A16 /* Products */;
			projectDirPath = "";
			projectRoot = "";
			targets = (
				829C5BA729FC4A9100915A16 /* PhotoApp */,
				829C5BBC29FC4AD200915A16 /* PhotoAppTests */,
			);
		};
/* End PBXProject section */

/* Begin PBXResourcesBuildPhase section */
		829C5BA629FC4A9100915A16 /* Resources */ = {
			isa = PBXResourcesBuildPhase;
			buildActionMask = 2147483647;
			files = (
				829C5BB329FC4A9700915A16 /* Preview Assets.xcassets in Resources */,
				829C5BB029FC4A9700915A16 /* Assets.xcassets in Resources */,
			);
			runOnlyForDeploymentPostprocessing = 0;
		};
		829C5BBB29FC4AD200915A16 /* Resources */ = {
			isa = PBXResourcesBuildPhase;
			buildActionMask = 2147483647;
			files = (
			);
			runOnlyForDeploymentPostprocessing = 0;
		};
/* End PBXResourcesBuildPhase section */

/* Begin PBXSourcesBuildPhase section */
		829C5BA429FC4A9100915A16 /* Sources */ = {
			isa = PBXSourcesBuildPhase;
			buildActionMask = 2147483647;
			files = (
				829D10612A0788F3001D1CBF /* SignupPresenter.swift in Sources */,
				829C5BC829FC4B2500915A16 /* SignupConstants.swift in Sources */,
				829C5BAE29FC4A9100915A16 /* ContentView.swift in Sources */,
				82997B772A051D7D00DAE9F5 /* SignupResponseModel.swift in Sources */,
				829C5BCA29FC4B7500915A16 /* SignupFormModelValidator.swift in Sources */,
				82997B792A051DA000DAE9F5 /* SignupError.swift in Sources */,
				82997B852A077C2D00DAE9F5 /* SignupFormModel.swift in Sources */,
				829C5BAC29FC4A9100915A16 /* PhotoAppApp.swift in Sources */,
				82997B732A051AB800DAE9F5 /* SignupWebService.swift in Sources */,
				82997B752A051B8400DAE9F5 /* SignupFormRequestModel.swift in Sources */,
				829C5BD029FC524E00915A16 /* SignupModelValidatorProtocol.swift in Sources */,
			);
			runOnlyForDeploymentPostprocessing = 0;
		};
		829C5BB929FC4AD200915A16 /* Sources */ = {
			isa = PBXSourcesBuildPhase;
			buildActionMask = 2147483647;
			files = (
				82997B812A05306C00DAE9F5 /* MockURLProtocol.swift in Sources */,
				82997B712A051A3300DAE9F5 /* SignupWebServiceTests.swift in Sources */,
				82997B832A07799F00DAE9F5 /* SignupPresenterTests.swift in Sources */,
				829D10632A0AC235001D1CBF /* MockSignupModelValidator.swift in Sources */,
				829C5BCD29FC4BFB00915A16 /* SignupFormModelValidatorTests.swift in Sources */,
			);
			runOnlyForDeploymentPostprocessing = 0;
		};
/* End PBXSourcesBuildPhase section */

/* Begin PBXTargetDependency section */
		829C5BC229FC4AD200915A16 /* PBXTargetDependency */ = {
			isa = PBXTargetDependency;
			target = 829C5BA729FC4A9100915A16 /* PhotoApp */;
			targetProxy = 829C5BC129FC4AD200915A16 /* PBXContainerItemProxy */;
		};
/* End PBXTargetDependency section */

/* Begin XCBuildConfiguration section */
		829C5BB429FC4A9700915A16 /* Debug */ = {
			isa = XCBuildConfiguration;
			buildSettings = {
				ALWAYS_SEARCH_USER_PATHS = NO;
				CLANG_ANALYZER_NONNULL = YES;
				CLANG_ANALYZER_NUMBER_OBJECT_CONVERSION = YES_AGGRESSIVE;
				CLANG_CXX_LANGUAGE_STANDARD = "gnu++20";
				CLANG_ENABLE_MODULES = YES;
				CLANG_ENABLE_OBJC_ARC = YES;
				CLANG_ENABLE_OBJC_WEAK = YES;
				CLANG_WARN_BLOCK_CAPTURE_AUTORELEASING = YES;
				CLANG_WARN_BOOL_CONVERSION = YES;
				CLANG_WARN_COMMA = YES;
				CLANG_WARN_CONSTANT_CONVERSION = YES;
				CLANG_WARN_DEPRECATED_OBJC_IMPLEMENTATIONS = YES;
				CLANG_WARN_DIRECT_OBJC_ISA_USAGE = YES_ERROR;
				CLANG_WARN_DOCUMENTATION_COMMENTS = YES;
				CLANG_WARN_EMPTY_BODY = YES;
				CLANG_WARN_ENUM_CONVERSION = YES;
				CLANG_WARN_INFINITE_RECURSION = YES;
				CLANG_WARN_INT_CONVERSION = YES;
				CLANG_WARN_NON_LITERAL_NULL_CONVERSION = YES;
				CLANG_WARN_OBJC_IMPLICIT_RETAIN_SELF = YES;
				CLANG_WARN_OBJC_LITERAL_CONVERSION = YES;
				CLANG_WARN_OBJC_ROOT_CLASS = YES_ERROR;
				CLANG_WARN_QUOTED_INCLUDE_IN_FRAMEWORK_HEADER = YES;
				CLANG_WARN_RANGE_LOOP_ANALYSIS = YES;
				CLANG_WARN_STRICT_PROTOTYPES = YES;
				CLANG_WARN_SUSPICIOUS_MOVE = YES;
				CLANG_WARN_UNGUARDED_AVAILABILITY = YES_AGGRESSIVE;
				CLANG_WARN_UNREACHABLE_CODE = YES;
				CLANG_WARN__DUPLICATE_METHOD_MATCH = YES;
				COPY_PHASE_STRIP = NO;
				DEBUG_INFORMATION_FORMAT = dwarf;
				ENABLE_STRICT_OBJC_MSGSEND = YES;
				ENABLE_TESTABILITY = YES;
				GCC_C_LANGUAGE_STANDARD = gnu11;
				GCC_DYNAMIC_NO_PIC = NO;
				GCC_NO_COMMON_BLOCKS = YES;
				GCC_OPTIMIZATION_LEVEL = 0;
				GCC_PREPROCESSOR_DEFINITIONS = (
					"DEBUG=1",
					"$(inherited)",
				);
				GCC_WARN_64_TO_32_BIT_CONVERSION = YES;
				GCC_WARN_ABOUT_RETURN_TYPE = YES_ERROR;
				GCC_WARN_UNDECLARED_SELECTOR = YES;
				GCC_WARN_UNINITIALIZED_AUTOS = YES_AGGRESSIVE;
				GCC_WARN_UNUSED_FUNCTION = YES;
				GCC_WARN_UNUSED_VARIABLE = YES;
				IPHONEOS_DEPLOYMENT_TARGET = 16.2;
				MTL_ENABLE_DEBUG_INFO = INCLUDE_SOURCE;
				MTL_FAST_MATH = YES;
				ONLY_ACTIVE_ARCH = YES;
				SDKROOT = iphoneos;
				SWIFT_ACTIVE_COMPILATION_CONDITIONS = DEBUG;
				SWIFT_OPTIMIZATION_LEVEL = "-Onone";
			};
			name = Debug;
		};
		829C5BB529FC4A9700915A16 /* Release */ = {
			isa = XCBuildConfiguration;
			buildSettings = {
				ALWAYS_SEARCH_USER_PATHS = NO;
				CLANG_ANALYZER_NONNULL = YES;
				CLANG_ANALYZER_NUMBER_OBJECT_CONVERSION = YES_AGGRESSIVE;
				CLANG_CXX_LANGUAGE_STANDARD = "gnu++20";
				CLANG_ENABLE_MODULES = YES;
				CLANG_ENABLE_OBJC_ARC = YES;
				CLANG_ENABLE_OBJC_WEAK = YES;
				CLANG_WARN_BLOCK_CAPTURE_AUTORELEASING = YES;
				CLANG_WARN_BOOL_CONVERSION = YES;
				CLANG_WARN_COMMA = YES;
				CLANG_WARN_CONSTANT_CONVERSION = YES;
				CLANG_WARN_DEPRECATED_OBJC_IMPLEMENTATIONS = YES;
				CLANG_WARN_DIRECT_OBJC_ISA_USAGE = YES_ERROR;
				CLANG_WARN_DOCUMENTATION_COMMENTS = YES;
				CLANG_WARN_EMPTY_BODY = YES;
				CLANG_WARN_ENUM_CONVERSION = YES;
				CLANG_WARN_INFINITE_RECURSION = YES;
				CLANG_WARN_INT_CONVERSION = YES;
				CLANG_WARN_NON_LITERAL_NULL_CONVERSION = YES;
				CLANG_WARN_OBJC_IMPLICIT_RETAIN_SELF = YES;
				CLANG_WARN_OBJC_LITERAL_CONVERSION = YES;
				CLANG_WARN_OBJC_ROOT_CLASS = YES_ERROR;
				CLANG_WARN_QUOTED_INCLUDE_IN_FRAMEWORK_HEADER = YES;
				CLANG_WARN_RANGE_LOOP_ANALYSIS = YES;
				CLANG_WARN_STRICT_PROTOTYPES = YES;
				CLANG_WARN_SUSPICIOUS_MOVE = YES;
				CLANG_WARN_UNGUARDED_AVAILABILITY = YES_AGGRESSIVE;
				CLANG_WARN_UNREACHABLE_CODE = YES;
				CLANG_WARN__DUPLICATE_METHOD_MATCH = YES;
				COPY_PHASE_STRIP = NO;
				DEBUG_INFORMATION_FORMAT = "dwarf-with-dsym";
				ENABLE_NS_ASSERTIONS = NO;
				ENABLE_STRICT_OBJC_MSGSEND = YES;
				GCC_C_LANGUAGE_STANDARD = gnu11;
				GCC_NO_COMMON_BLOCKS = YES;
				GCC_WARN_64_TO_32_BIT_CONVERSION = YES;
				GCC_WARN_ABOUT_RETURN_TYPE = YES_ERROR;
				GCC_WARN_UNDECLARED_SELECTOR = YES;
				GCC_WARN_UNINITIALIZED_AUTOS = YES_AGGRESSIVE;
				GCC_WARN_UNUSED_FUNCTION = YES;
				GCC_WARN_UNUSED_VARIABLE = YES;
				IPHONEOS_DEPLOYMENT_TARGET = 16.2;
				MTL_ENABLE_DEBUG_INFO = NO;
				MTL_FAST_MATH = YES;
				SDKROOT = iphoneos;
				SWIFT_COMPILATION_MODE = wholemodule;
				SWIFT_OPTIMIZATION_LEVEL = "-O";
				VALIDATE_PRODUCT = YES;
			};
			name = Release;
		};
		829C5BB729FC4A9700915A16 /* Debug */ = {
			isa = XCBuildConfiguration;
			buildSettings = {
				ASSETCATALOG_COMPILER_APPICON_NAME = AppIcon;
				ASSETCATALOG_COMPILER_GLOBAL_ACCENT_COLOR_NAME = AccentColor;
				CODE_SIGN_STYLE = Automatic;
				CURRENT_PROJECT_VERSION = 1;
				DEVELOPMENT_ASSET_PATHS = "\"PhotoApp/Preview Content\"";
				ENABLE_PREVIEWS = YES;
				GENERATE_INFOPLIST_FILE = YES;
				INFOPLIST_KEY_UIApplicationSceneManifest_Generation = YES;
				INFOPLIST_KEY_UIApplicationSupportsIndirectInputEvents = YES;
				INFOPLIST_KEY_UILaunchScreen_Generation = YES;
				INFOPLIST_KEY_UISupportedInterfaceOrientations_iPad = "UIInterfaceOrientationPortrait UIInterfaceOrientationPortraitUpsideDown UIInterfaceOrientationLandscapeLeft UIInterfaceOrientationLandscapeRight";
				INFOPLIST_KEY_UISupportedInterfaceOrientations_iPhone = "UIInterfaceOrientationPortrait UIInterfaceOrientationLandscapeLeft UIInterfaceOrientationLandscapeRight";
				LD_RUNPATH_SEARCH_PATHS = (
					"$(inherited)",
					"@executable_path/Frameworks",
				);
				MARKETING_VERSION = 1.0;
				PRODUCT_BUNDLE_IDENTIFIER = ua.vfil.PhotoApp;
				PRODUCT_NAME = "$(TARGET_NAME)";
				SWIFT_EMIT_LOC_STRINGS = YES;
				SWIFT_VERSION = 5.0;
				TARGETED_DEVICE_FAMILY = "1,2";
			};
			name = Debug;
		};
		829C5BB829FC4A9700915A16 /* Release */ = {
			isa = XCBuildConfiguration;
			buildSettings = {
				ASSETCATALOG_COMPILER_APPICON_NAME = AppIcon;
				ASSETCATALOG_COMPILER_GLOBAL_ACCENT_COLOR_NAME = AccentColor;
				CODE_SIGN_STYLE = Automatic;
				CURRENT_PROJECT_VERSION = 1;
				DEVELOPMENT_ASSET_PATHS = "\"PhotoApp/Preview Content\"";
				ENABLE_PREVIEWS = YES;
				GENERATE_INFOPLIST_FILE = YES;
				INFOPLIST_KEY_UIApplicationSceneManifest_Generation = YES;
				INFOPLIST_KEY_UIApplicationSupportsIndirectInputEvents = YES;
				INFOPLIST_KEY_UILaunchScreen_Generation = YES;
				INFOPLIST_KEY_UISupportedInterfaceOrientations_iPad = "UIInterfaceOrientationPortrait UIInterfaceOrientationPortraitUpsideDown UIInterfaceOrientationLandscapeLeft UIInterfaceOrientationLandscapeRight";
				INFOPLIST_KEY_UISupportedInterfaceOrientations_iPhone = "UIInterfaceOrientationPortrait UIInterfaceOrientationLandscapeLeft UIInterfaceOrientationLandscapeRight";
				LD_RUNPATH_SEARCH_PATHS = (
					"$(inherited)",
					"@executable_path/Frameworks",
				);
				MARKETING_VERSION = 1.0;
				PRODUCT_BUNDLE_IDENTIFIER = ua.vfil.PhotoApp;
				PRODUCT_NAME = "$(TARGET_NAME)";
				SWIFT_EMIT_LOC_STRINGS = YES;
				SWIFT_VERSION = 5.0;
				TARGETED_DEVICE_FAMILY = "1,2";
			};
			name = Release;
		};
		829C5BC429FC4AD200915A16 /* Debug */ = {
			isa = XCBuildConfiguration;
			buildSettings = {
				BUNDLE_LOADER = "$(TEST_HOST)";
				CODE_SIGN_STYLE = Automatic;
				CURRENT_PROJECT_VERSION = 1;
				GENERATE_INFOPLIST_FILE = YES;
				INFOPLIST_FILE = PhotoAppTests/Info.plist;
				INFOPLIST_KEY_LSApplicationCategoryType = "";
				MARKETING_VERSION = 1.0;
				PRODUCT_BUNDLE_IDENTIFIER = ua.vfil.PhotoAppTests;
				PRODUCT_NAME = "$(TARGET_NAME)";
				SWIFT_EMIT_LOC_STRINGS = NO;
				SWIFT_VERSION = 5.0;
				TARGETED_DEVICE_FAMILY = "1,2";
				TEST_HOST = "$(BUILT_PRODUCTS_DIR)/PhotoApp.app/$(BUNDLE_EXECUTABLE_FOLDER_PATH)/PhotoApp";
			};
			name = Debug;
		};
		829C5BC529FC4AD200915A16 /* Release */ = {
			isa = XCBuildConfiguration;
			buildSettings = {
				BUNDLE_LOADER = "$(TEST_HOST)";
				CODE_SIGN_STYLE = Automatic;
				CURRENT_PROJECT_VERSION = 1;
				GENERATE_INFOPLIST_FILE = YES;
				INFOPLIST_FILE = PhotoAppTests/Info.plist;
				INFOPLIST_KEY_LSApplicationCategoryType = "";
				MARKETING_VERSION = 1.0;
				PRODUCT_BUNDLE_IDENTIFIER = ua.vfil.PhotoAppTests;
				PRODUCT_NAME = "$(TARGET_NAME)";
				SWIFT_EMIT_LOC_STRINGS = NO;
				SWIFT_VERSION = 5.0;
				TARGETED_DEVICE_FAMILY = "1,2";
				TEST_HOST = "$(BUILT_PRODUCTS_DIR)/PhotoApp.app/$(BUNDLE_EXECUTABLE_FOLDER_PATH)/PhotoApp";
			};
			name = Release;
		};
/* End XCBuildConfiguration section */

/* Begin XCConfigurationList section */
		829C5BA329FC4A9100915A16 /* Build configuration list for PBXProject "PhotoApp" */ = {
			isa = XCConfigurationList;
			buildConfigurations = (
				829C5BB429FC4A9700915A16 /* Debug */,
				829C5BB529FC4A9700915A16 /* Release */,
			);
			defaultConfigurationIsVisible = 0;
			defaultConfigurationName = Release;
		};
		829C5BB629FC4A9700915A16 /* Build configuration list for PBXNativeTarget "PhotoApp" */ = {
			isa = XCConfigurationList;
			buildConfigurations = (
				829C5BB729FC4A9700915A16 /* Debug */,
				829C5BB829FC4A9700915A16 /* Release */,
			);
			defaultConfigurationIsVisible = 0;
			defaultConfigurationName = Release;
		};
		829C5BC329FC4AD200915A16 /* Build configuration list for PBXNativeTarget "PhotoAppTests" */ = {
			isa = XCConfigurationList;
			buildConfigurations = (
				829C5BC429FC4AD200915A16 /* Debug */,
				829C5BC529FC4AD200915A16 /* Release */,
			);
			defaultConfigurationIsVisible = 0;
			defaultConfigurationName = Release;
		};
/* End XCConfigurationList section */
	};
	rootObject = 829C5BA029FC4A9100915A16 /* Project object */;
}
